# THIS IS AN AUTOGENERATED FILE. DO NOT EDIT THIS FILE DIRECTLY.
# yarn lockfile v1


aggregate-error@^1.0.0:
  version "1.0.0"
  resolved "https://registry.yarnpkg.com/aggregate-error/-/aggregate-error-1.0.0.tgz#888344dad0220a72e3af50906117f48771925fac"
  dependencies:
    clean-stack "^1.0.0"
    indent-string "^3.0.0"

array-find-index@^1.0.1:
  version "1.0.2"
  resolved "https://registry.yarnpkg.com/array-find-index/-/array-find-index-1.0.2.tgz#df010aa1287e164bbda6f9723b0a96a1ec4187a1"

clean-stack@^1.0.0:
  version "1.3.0"
  resolved "https://registry.yarnpkg.com/clean-stack/-/clean-stack-1.3.0.tgz#9e821501ae979986c46b1d66d2d432db2fd4ae31"

currently-unhandled@^0.4.1:
  version "0.4.1"
  resolved "https://registry.yarnpkg.com/currently-unhandled/-/currently-unhandled-0.4.1.tgz#988df33feab191ef799a61369dd76c17adf957ea"
  dependencies:
    array-find-index "^1.0.1"

delay@^1.3.1:
  version "1.3.1"
  resolved "https://registry.yarnpkg.com/delay/-/delay-1.3.1.tgz#a2a8a61c76a4d50b670fe2ab2d51cb03802bba98"

delay@^2.0.0:
  version "2.0.0"
  resolved "https://registry.yarnpkg.com/delay/-/delay-2.0.0.tgz#9112eadc03e4ec7e00297337896f273bbd91fae5"
  dependencies:
    p-defer "^1.0.0"

hard-rejection@^1.0.0:
  version "1.0.0"
  resolved "https://registry.yarnpkg.com/hard-rejection/-/hard-rejection-1.0.0.tgz#8f3b476c8e2f221bed73c64640fe217d717dac36"

indent-string@^3.0.0:
  version "3.2.0"
  resolved "https://registry.yarnpkg.com/indent-string/-/indent-string-3.2.0.tgz#4a5fd6d27cc332f37e5419a504dbb837105c9289"

is-empty-iterable@^1.0.0:
  version "1.0.0"
  resolved "https://registry.yarnpkg.com/is-empty-iterable/-/is-empty-iterable-1.0.0.tgz#800233275f1cfea5d9fc36d8bf3815a030f9c425"

is-error-constructor@^1.0.0:
  version "1.0.1"
  resolved "https://registry.yarnpkg.com/is-error-constructor/-/is-error-constructor-1.0.1.tgz#4ea48863614dca5b69ec1d6f50ed26982f5e7192"

loud-rejection@^1.6.0:
  version "1.6.0"
  resolved "https://registry.yarnpkg.com/loud-rejection/-/loud-rejection-1.6.0.tgz#5b46f80147edee578870f086d04821cf998e551f"
  dependencies:
    currently-unhandled "^0.4.1"
    signal-exit "^3.0.0"

mem@^1.1.0:
  version "1.1.0"
  resolved "https://registry.yarnpkg.com/mem/-/mem-1.1.0.tgz#5edd52b485ca1d900fe64895505399a0dfa45f76"
  dependencies:
    mimic-fn "^1.0.0"

mimic-fn@^1.0.0:
  version "1.1.0"
  resolved "https://registry.yarnpkg.com/mimic-fn/-/mimic-fn-1.1.0.tgz#e667783d92e89dbd342818b5230b9d62a672ad18"

p-all@^1.0.0:
  version "1.0.0"
  resolved "https://registry.yarnpkg.com/p-all/-/p-all-1.0.0.tgz#93bdf53a55a23821fdfa98b4174a99bf7f31df8d"
  dependencies:
    p-map "^1.0.0"

p-any@^1.1.0:
  version "1.1.0"
  resolved "https://registry.yarnpkg.com/p-any/-/p-any-1.1.0.tgz#1d03835c7eed1e34b8e539c47b7b60d0d015d4e1"
  dependencies:
    p-some "^2.0.0"

p-break@^0.1.0:
  version "0.1.0"
  resolved "https://registry.yarnpkg.com/p-break/-/p-break-0.1.0.tgz#367940ba41633633040ce06bf4167ee865fbffe3"

p-cancelable@^0.3.0:
  version "0.3.0"
  resolved "https://registry.yarnpkg.com/p-cancelable/-/p-cancelable-0.3.0.tgz#b9e123800bcebb7ac13a479be195b507b98d30fa"

p-catch-if@^1.0.2:
  version "1.0.2"
  resolved "https://registry.yarnpkg.com/p-catch-if/-/p-catch-if-1.0.2.tgz#b05d59fd9963724a77bcad4c1420c3dd591ce89a"
  dependencies:
    is-error-constructor "^1.0.0"

p-debounce@^1.0.0:
  version "1.0.0"
  resolved "https://registry.yarnpkg.com/p-debounce/-/p-debounce-1.0.0.tgz#cb7f2cbeefd87a09eba861e112b67527e621e2fd"

p-defer@^1.0.0:
  version "1.0.0"
  resolved "https://registry.yarnpkg.com/p-defer/-/p-defer-1.0.0.tgz#9f6eb182f6c9aa8cd743004a7d4f96b196b0fb0c"

p-do-whilst@^0.1.0:
  version "0.1.0"
  resolved "https://registry.yarnpkg.com/p-do-whilst/-/p-do-whilst-0.1.0.tgz#d3f209f6da3ac6e3195510c5ec3c13dfb1ddeecd"

p-each-series@^1.0.0:
  version "1.0.0"
  resolved "https://registry.yarnpkg.com/p-each-series/-/p-each-series-1.0.0.tgz#930f3d12dd1f50e7434457a22cd6f04ac6ad7f71"
  dependencies:
    p-reduce "^1.0.0"

p-event@^1.3.0:
  version "1.3.0"
  resolved "https://registry.yarnpkg.com/p-event/-/p-event-1.3.0.tgz#8e6b4f4f65c72bc5b6fe28b75eda874f96a4a085"
  dependencies:
    p-timeout "^1.1.1"

p-every@^1.0.2:
  version "1.0.2"
  resolved "https://registry.yarnpkg.com/p-every/-/p-every-1.0.2.tgz#4e01d85c23da19ed71a4afba319bdb4d94c85e00"
  dependencies:
    p-map "^1.1.1"

p-filter@^1.0.0:
  version "1.0.0"
  resolved "https://registry.yarnpkg.com/p-filter/-/p-filter-1.0.0.tgz#629d317150209c8fd508ba137713ef4bb920e9db"
  dependencies:
    p-map "^1.0.0"

p-finally@^1.0.0:
  version "1.0.0"
  resolved "https://registry.yarnpkg.com/p-finally/-/p-finally-1.0.0.tgz#3fbcfb15b899a44123b34b6dcc18b724336a2cae"

p-forever@^1.0.1:
  version "1.0.1"
  resolved "https://registry.yarnpkg.com/p-forever/-/p-forever-1.0.1.tgz#d8da0e9f88b3929e51596c2f8aa50cf2f1ad06ab"

p-if@^1.1.0:
  version "1.1.0"
  resolved "https://registry.yarnpkg.com/p-if/-/p-if-1.1.0.tgz#ca91fcc077f39cb1d409838a1d121fbd12bb1b32"

p-immediate@^2.1.0:
  version "2.1.0"
  resolved "https://registry.yarnpkg.com/p-immediate/-/p-immediate-2.1.0.tgz#490fb592e2c4244722feccdd4c101537dfd69369"

p-is-promise@^1.1.0:
  version "1.1.0"
  resolved "https://registry.yarnpkg.com/p-is-promise/-/p-is-promise-1.1.0.tgz#9c9456989e9f6588017b0434d56097675c3da05e"

p-lazy@^1.0.0:
  version "1.0.0"
  resolved "https://registry.yarnpkg.com/p-lazy/-/p-lazy-1.0.0.tgz#ec53c802f2ee3ac28f166cc82d0b2b02de27a835"

p-limit@^1.1.0:
  version "1.1.0"
  resolved "https://registry.yarnpkg.com/p-limit/-/p-limit-1.1.0.tgz#b07ff2d9a5d88bec806035895a2bab66a27988bc"

p-locate@^2.0.0:
  version "2.0.0"
  resolved "https://registry.yarnpkg.com/p-locate/-/p-locate-2.0.0.tgz#20a0103b222a70c8fd39cc2e580680f3dde5ec43"
  dependencies:
    p-limit "^1.1.0"

p-log@^1.0.0:
  version "1.0.0"
  resolved "https://registry.yarnpkg.com/p-log/-/p-log-1.0.0.tgz#628aeebf20c3ccbbe7d4271adefd6e4cbb9cb9b2"
  dependencies:
    p-tap "^1.0.0"

p-map-series@^1.0.0:
  version "1.0.0"
  resolved "https://registry.yarnpkg.com/p-map-series/-/p-map-series-1.0.0.tgz#bf98fe575705658a9e1351befb85ae4c1f07bdca"
  dependencies:
    p-reduce "^1.0.0"

p-map@^1.0.0, p-map@^1.1.1, p-map@^1.2.0:
  version "1.2.0"
  resolved "https://registry.yarnpkg.com/p-map/-/p-map-1.2.0.tgz#e4e94f311eabbc8633a1e79908165fca26241b6b"

p-memoize@^1.0.0:
  version "1.0.0"
  resolved "https://registry.yarnpkg.com/p-memoize/-/p-memoize-1.0.0.tgz#5760138734a553d1b103e4c176cf8866faa5f26e"
  dependencies:
    mem "^1.1.0"
    mimic-fn "^1.0.0"

p-min-delay@^2.0.0:
  version "2.0.0"
  resolved "https://registry.yarnpkg.com/p-min-delay/-/p-min-delay-2.0.0.tgz#95760afe1cb3243496a48e0f04319a77f55731c8"
  dependencies:
    delay "^1.3.1"

p-one@^1.0.0:
  version "1.0.0"
  resolved "https://registry.yarnpkg.com/p-one/-/p-one-1.0.0.tgz#af6fe60044ebd0cec5ab762d51a58ae8300cee51"
  dependencies:
    p-map "^1.1.1"

p-pipe@^1.2.0:
  version "1.2.0"
  resolved "https://registry.yarnpkg.com/p-pipe/-/p-pipe-1.2.0.tgz#4b1a11399a11520a67790ee5a0c1d5881d6befe9"

p-props@^1.0.0:
  version "1.0.0"
  resolved "https://registry.yarnpkg.com/p-props/-/p-props-1.0.0.tgz#55f44d96563f87c61f75e19a822e7b8df5b53a55"

p-queue@^2.2.0:
  version "2.2.0"
  resolved "https://registry.yarnpkg.com/p-queue/-/p-queue-2.2.0.tgz#68de0ab1e73d9430760ecd99230c2d7d6deeaf94"

p-race@^1.0.0:
  version "1.0.0"
  resolved "https://registry.yarnpkg.com/p-race/-/p-race-1.0.0.tgz#6bd695251f075a896ff1292b308b38bddf252220"
  dependencies:
    is-empty-iterable "^1.0.0"

p-reduce@^1.0.0:
  version "1.0.0"
  resolved "https://registry.yarnpkg.com/p-reduce/-/p-reduce-1.0.0.tgz#18c2b0dd936a4690a529f8231f58a0fdb6a47dfa"

p-reflect@^1.0.0:
  version "1.0.0"
  resolved "https://registry.yarnpkg.com/p-reflect/-/p-reflect-1.0.0.tgz#f4fa1ee1bb546d8eb3ec0321148dfe0a79137bb8"

p-retry@^1.0.0:
  version "1.0.0"
  resolved "https://registry.yarnpkg.com/p-retry/-/p-retry-1.0.0.tgz#3927332a4b7d70269b535515117fc547da1a6968"
  dependencies:
    retry "^0.10.0"

p-series@^1.0.0:
  version "1.0.0"
  resolved "https://registry.yarnpkg.com/p-series/-/p-series-1.0.0.tgz#7ec9e7b4406cc32066298a6f9860e55e91b36e07"
  dependencies:
    p-reduce "^1.0.0"

p-settle@^2.0.0:
  version "2.0.0"
  resolved "https://registry.yarnpkg.com/p-settle/-/p-settle-2.0.0.tgz#b6cda5ab86e7173639164909b526adcc42b87733"
  dependencies:
    p-reflect "^1.0.0"

p-some@^2.0.0:
  version "2.0.0"
  resolved "https://registry.yarnpkg.com/p-some/-/p-some-2.0.0.tgz#60b408e21f5da11a417fad13740bf20f9024ab3b"
  dependencies:
    aggregate-error "^1.0.0"

p-tap@^1.0.0:
  version "1.0.0"
  resolved "https://registry.yarnpkg.com/p-tap/-/p-tap-1.0.0.tgz#dc4fa086135e8688226f6e7dccea67d8322d08df"

p-throttle@^1.1.0:
  version "1.1.0"
  resolved "https://registry.yarnpkg.com/p-throttle/-/p-throttle-1.1.0.tgz#dd0822247ffc7767a8c7bb1186fcc632fea57075"

p-time@^1.0.0:
  version "1.0.0"
  resolved "https://registry.yarnpkg.com/p-time/-/p-time-1.0.0.tgz#50045e60a0c881ec2fe3de1ac2842d3e5a277cd1"
  dependencies:
    mimic-fn "^1.0.0"

p-timeout@^1.1.1, p-timeout@^1.2.0:
  version "1.2.0"
  resolved "https://registry.yarnpkg.com/p-timeout/-/p-timeout-1.2.0.tgz#9820f99434c5817868b4f34809ee5291660d5b6c"
  dependencies:
    p-finally "^1.0.0"

p-times@^1.0.1:
  version "1.0.1"
  resolved "https://registry.yarnpkg.com/p-times/-/p-times-1.0.1.tgz#4421472f1cb246924a66ef30fc5c810190b89c19"
  dependencies:
    p-map "^1.0.0"

p-try@^1.0.0:
  version "1.0.0"
  resolved "https://registry.yarnpkg.com/p-try/-/p-try-1.0.0.tgz#cbc79cdbaf8fd4228e13f621f2b1a237c1b207b3"

p-wait-for@^1.0.0:
  version "1.0.0"
  resolved "https://registry.yarnpkg.com/p-wait-for/-/p-wait-for-1.0.0.tgz#874dd6418abef2a1990520409a4bb6b0621f8b90"

p-waterfall@^1.0.0:
  version "1.0.0"
  resolved "https://registry.yarnpkg.com/p-waterfall/-/p-waterfall-1.0.0.tgz#7ed94b3ceb3332782353af6aae11aa9fc235bb00"
  dependencies:
    p-reduce "^1.0.0"

p-whilst@^1.0.0:
  version "1.0.0"
  resolved "https://registry.yarnpkg.com/p-whilst/-/p-whilst-1.0.0.tgz#54668ead7f934799fc00f1e5230fd6addeb8e7e6"

pify@^3.0.0:
  version "3.0.0"
  resolved "https://registry.yarnpkg.com/pify/-/pify-3.0.0.tgz#e5a4acd2c101fdf3d9a4d07f0dbc4db49dd28176"

retry@^0.10.0:
  version "0.10.1"
  resolved "https://registry.yarnpkg.com/retry/-/retry-0.10.1.tgz#e76388d217992c252750241d3d3956fed98d8ff4"

signal-exit@^3.0.0:
  version "3.0.2"
  resolved "https://registry.yarnpkg.com/signal-exit/-/signal-exit-3.0.2.tgz#b5fdc08f1287ea1178628e415e25132b73646c6d"
